
Microsoft Visual Studio Solution File, Format Version 12.00
# Visual Studio Version 17
VisualStudioVersion = 17.11.35327.3
MinimumVisualStudioVersion = 10.0.40219.1
Project("{FAE04EC0-301F-11D3-BF4B-00C04F79EFBC}") = "Form1", "Form1\Form1.csproj", "{B404BFD1-8268-4225-90D3-316429E35CBE}"
EndProject
Global
	GlobalSection(SolutionConfigurationPlatforms) = preSolution
		Debug|Any CPU = Debug|Any CPU
		Release|Any CPU = Release|Any CPU
	EndGlobalSection
	GlobalSection(ProjectConfigurationPlatforms) = postSolution
		{B404BFD1-8268-4225-90D3-316429E35CBE}.Debug|Any CPU.ActiveCfg = Debug|Any CPU
		{B404BFD1-8268-4225-90D3-316429E35CBE}.Debug|Any CPU.Build.0 = Debug|Any CPU
		{B404BFD1-8268-4225-90D3-316429E35CBE}.Release|Any CPU.ActiveCfg = Release|Any CPU
		{B404BFD1-8268-4225-90D3-316429E35CBE}.Release|Any CPU.Build.0 = Release|Any CPU
	EndGlobalSection
	GlobalSection(SolutionProperties) = preSolution
		HideSolutionNode = FALSE
	EndGlobalSection
	GlobalSection(ExtensibilityGlobals) = postSolution
		SolutionGuid = {EF7B960E-A7F3-45CF-BD40-532E2330FF5A}
	EndGlobalSection
EndGlobal
